
Microsoft Visual Studio Solution File, Format Version 12.00
# Visual Studio Version 16
VisualStudioVersion = 16.0.29613.14
MinimumVisualStudioVersion = 10.0.40219.1
Project("{8BC9CEB8-8B4A-11D0-8D11-00A0C91BC942}") = "training5", "training5.vcxproj", "{61459E11-4931-4799-89D2-4E754FF3F59E}"
EndProject
Global
	GlobalSection(SolutionConfigurationPlatforms) = preSolution
		Debug|x64 = Debug|x64
		Debug|x86 = Debug|x86
		Release|x64 = Release|x64
		Release|x86 = Release|x86
	EndGlobalSection
	GlobalSection(ProjectConfigurationPlatforms) = postSolution
		{61459E11-4931-4799-89D2-4E754FF3F59E}.Debug|x64.ActiveCfg = Debug|x64
		{61459E11-4931-4799-89D2-4E754FF3F59E}.Debug|x64.Build.0 = Debug|x64
		{61459E11-4931-4799-89D2-4E754FF3F59E}.Debug|x86.ActiveCfg = Debug|Win32
		{61459E11-4931-4799-89D2-4E754FF3F59E}.Debug|x86.Build.0 = Debug|Win32
		{61459E11-4931-4799-89D2-4E754FF3F59E}.Release|x64.ActiveCfg = Release|x64
		{61459E11-4931-4799-89D2-4E754FF3F59E}.Release|x64.Build.0 = Release|x64
		{61459E11-4931-4799-89D2-4E754FF3F59E}.Release|x86.ActiveCfg = Release|Win32
		{61459E11-4931-4799-89D2-4E754FF3F59E}.Release|x86.Build.0 = Release|Win32
	EndGlobalSection
	GlobalSection(SolutionProperties) = preSolution
		HideSolutionNode = FALSE
	EndGlobalSection
	GlobalSection(ExtensibilityGlobals) = postSolution
		SolutionGuid = {1F7B48AD-EF23-4C58-9DF6-F38BA78D1439}
	EndGlobalSection
EndGlobal
