
Microsoft Visual Studio Solution File, Format Version 12.00
# Visual Studio Version 16
VisualStudioVersion = 16.0.29613.14
MinimumVisualStudioVersion = 10.0.40219.1
Project("{8BC9CEB8-8B4A-11D0-8D11-00A0C91BC942}") = "memory8", "memory8.vcxproj", "{54F843C9-7769-464C-8A8F-98261B91A761}"
EndProject
Global
	GlobalSection(SolutionConfigurationPlatforms) = preSolution
		Debug|x64 = Debug|x64
		Debug|x86 = Debug|x86
		Release|x64 = Release|x64
		Release|x86 = Release|x86
	EndGlobalSection
	GlobalSection(ProjectConfigurationPlatforms) = postSolution
		{54F843C9-7769-464C-8A8F-98261B91A761}.Debug|x64.ActiveCfg = Debug|x64
		{54F843C9-7769-464C-8A8F-98261B91A761}.Debug|x64.Build.0 = Debug|x64
		{54F843C9-7769-464C-8A8F-98261B91A761}.Debug|x86.ActiveCfg = Debug|Win32
		{54F843C9-7769-464C-8A8F-98261B91A761}.Debug|x86.Build.0 = Debug|Win32
		{54F843C9-7769-464C-8A8F-98261B91A761}.Release|x64.ActiveCfg = Release|x64
		{54F843C9-7769-464C-8A8F-98261B91A761}.Release|x64.Build.0 = Release|x64
		{54F843C9-7769-464C-8A8F-98261B91A761}.Release|x86.ActiveCfg = Release|Win32
		{54F843C9-7769-464C-8A8F-98261B91A761}.Release|x86.Build.0 = Release|Win32
	EndGlobalSection
	GlobalSection(SolutionProperties) = preSolution
		HideSolutionNode = FALSE
	EndGlobalSection
	GlobalSection(ExtensibilityGlobals) = postSolution
		SolutionGuid = {6E3942C5-6982-4ADE-99FA-D595EEA1FA04}
	EndGlobalSection
EndGlobal
