
Microsoft Visual Studio Solution File, Format Version 12.00
# Visual Studio Version 16
VisualStudioVersion = 16.0.29613.14
MinimumVisualStudioVersion = 10.0.40219.1
Project("{8BC9CEB8-8B4A-11D0-8D11-00A0C91BC942}") = "memory10", "memory10.vcxproj", "{5653F311-34B1-4D40-9018-887F9277BFFB}"
EndProject
Global
	GlobalSection(SolutionConfigurationPlatforms) = preSolution
		Debug|x64 = Debug|x64
		Debug|x86 = Debug|x86
		Release|x64 = Release|x64
		Release|x86 = Release|x86
	EndGlobalSection
	GlobalSection(ProjectConfigurationPlatforms) = postSolution
		{5653F311-34B1-4D40-9018-887F9277BFFB}.Debug|x64.ActiveCfg = Debug|x64
		{5653F311-34B1-4D40-9018-887F9277BFFB}.Debug|x64.Build.0 = Debug|x64
		{5653F311-34B1-4D40-9018-887F9277BFFB}.Debug|x86.ActiveCfg = Debug|Win32
		{5653F311-34B1-4D40-9018-887F9277BFFB}.Debug|x86.Build.0 = Debug|Win32
		{5653F311-34B1-4D40-9018-887F9277BFFB}.Release|x64.ActiveCfg = Release|x64
		{5653F311-34B1-4D40-9018-887F9277BFFB}.Release|x64.Build.0 = Release|x64
		{5653F311-34B1-4D40-9018-887F9277BFFB}.Release|x86.ActiveCfg = Release|Win32
		{5653F311-34B1-4D40-9018-887F9277BFFB}.Release|x86.Build.0 = Release|Win32
	EndGlobalSection
	GlobalSection(SolutionProperties) = preSolution
		HideSolutionNode = FALSE
	EndGlobalSection
	GlobalSection(ExtensibilityGlobals) = postSolution
		SolutionGuid = {E2FA10D1-D294-4AEE-B5BD-A6094146F47C}
	EndGlobalSection
EndGlobal
