
Microsoft Visual Studio Solution File, Format Version 12.00
# Visual Studio Version 16
VisualStudioVersion = 16.0.29613.14
MinimumVisualStudioVersion = 10.0.40219.1
Project("{8BC9CEB8-8B4A-11D0-8D11-00A0C91BC942}") = "training1", "training1.vcxproj", "{5A73258D-96ED-46F7-9D40-BA139F1AB8B1}"
EndProject
Global
	GlobalSection(SolutionConfigurationPlatforms) = preSolution
		Debug|x64 = Debug|x64
		Debug|x86 = Debug|x86
		Release|x64 = Release|x64
		Release|x86 = Release|x86
	EndGlobalSection
	GlobalSection(ProjectConfigurationPlatforms) = postSolution
		{5A73258D-96ED-46F7-9D40-BA139F1AB8B1}.Debug|x64.ActiveCfg = Debug|x64
		{5A73258D-96ED-46F7-9D40-BA139F1AB8B1}.Debug|x64.Build.0 = Debug|x64
		{5A73258D-96ED-46F7-9D40-BA139F1AB8B1}.Debug|x86.ActiveCfg = Debug|Win32
		{5A73258D-96ED-46F7-9D40-BA139F1AB8B1}.Debug|x86.Build.0 = Debug|Win32
		{5A73258D-96ED-46F7-9D40-BA139F1AB8B1}.Release|x64.ActiveCfg = Release|x64
		{5A73258D-96ED-46F7-9D40-BA139F1AB8B1}.Release|x64.Build.0 = Release|x64
		{5A73258D-96ED-46F7-9D40-BA139F1AB8B1}.Release|x86.ActiveCfg = Release|Win32
		{5A73258D-96ED-46F7-9D40-BA139F1AB8B1}.Release|x86.Build.0 = Release|Win32
	EndGlobalSection
	GlobalSection(SolutionProperties) = preSolution
		HideSolutionNode = FALSE
	EndGlobalSection
	GlobalSection(ExtensibilityGlobals) = postSolution
		SolutionGuid = {7BA85AF1-2A86-4A30-9A7D-CF48D12B2E08}
	EndGlobalSection
EndGlobal
